
Microsoft Visual Studio Solution File, Format Version 12.00
# Visual Studio Version 17
VisualStudioVersion = 17.9.34723.18
MinimumVisualStudioVersion = 10.0.40219.1
Project("{FAE04EC0-301F-11D3-BF4B-00C04F79EFBC}") = "capricemenu", "capricemenu.csproj", "{C72F62D6-78FB-47EE-8F44-27682135F652}"
EndProject
Global
	GlobalSection(SolutionConfigurationPlatforms) = preSolution
		Debug|Any CPU = Debug|Any CPU
		Release|Any CPU = Release|Any CPU
	EndGlobalSection
	GlobalSection(ProjectConfigurationPlatforms) = postSolution
		{C72F62D6-78FB-47EE-8F44-27682135F652}.Debug|Any CPU.ActiveCfg = Debug|Any CPU
		{C72F62D6-78FB-47EE-8F44-27682135F652}.Debug|Any CPU.Build.0 = Debug|Any CPU
		{C72F62D6-78FB-47EE-8F44-27682135F652}.Release|Any CPU.ActiveCfg = Release|Any CPU
		{C72F62D6-78FB-47EE-8F44-27682135F652}.Release|Any CPU.Build.0 = Release|Any CPU
	EndGlobalSection
	GlobalSection(SolutionProperties) = preSolution
		HideSolutionNode = FALSE
	EndGlobalSection
	GlobalSection(ExtensibilityGlobals) = postSolution
		SolutionGuid = {E65C30CA-380B-4E07-B664-4E092973F4CB}
	EndGlobalSection
EndGlobal
